{
  "version": 4,
  "terraform_version": "1.9.3",
  "serial": 149,
  "lineage": "5a4d666e-a4b0-fe6d-0fd9-4ca8ea1e307e",
  "outputs": {},
  "resources": [
    {
      "mode": "data",
      "type": "aws_ami",
      "name": "ubuntu",
      "provider": "provider[\"registry.terraform.io/hashicorp/aws\"]",
      "instances": [
        {
          "schema_version": 0,
          "attributes": {
            "allow_unsafe_filter": null,
            "architecture": "x86_64",
            "arn": "arn:aws:ec2:us-east-1::image/ami-025d99823a4caad37",
            "block_device_mappings": [
              {
                "device_name": "/dev/sda1",
                "ebs": {
                  "delete_on_termination": "true",
                  "encrypted": "false",
                  "iops": "0",
                  "snapshot_id": "snap-061b4b6a8efb44d83",
                  "throughput": "0",
                  "volume_initialization_rate": "0",
                  "volume_size": "8",
                  "volume_type": "gp3"
                },
                "no_device": "",
                "virtual_name": ""
              },
              {
                "device_name": "/dev/sdb",
                "ebs": {},
                "no_device": "",
                "virtual_name": "ephemeral0"
              },
              {
                "device_name": "/dev/sdc",
                "ebs": {},
                "no_device": "",
                "virtual_name": "ephemeral1"
              }
            ],
            "boot_mode": "uefi-preferred",
            "creation_date": "2026-09-04T11:46:14.000Z",
            "deprecation_time": "2028-09-04T11:46:14.000Z",
            "description": "Canonical, Ubuntu, 24.04, amd64 noble image",
            "ena_support": true,
            "executable_users": null,
            "filter": [
              {
                "name": "name",
                "values": [
                  "ubuntu/images/hvm-ssd-gp3/ubuntu-noble-24.04-amd64-server-*"
                ]
              },
              {
                "name": "virtualization-type",
                "values": [
                  "hvm"
                ]
              }
            ],
            "hypervisor": "xen",
            "id": "ami-025d99823a4caad37",
            "image_id": "ami-025d99823a4caad37",
            "image_location": "amazon/ubuntu/images/hvm-ssd-gp3/ubuntu-noble-24.04-amd64-server-20260904",
            "image_owner_alias": "amazon",
            "image_type": "machine",
            "imds_support": "v2.0",
            "include_deprecated": false,
            "kernel_id": "",
            "last_launched_time": "",
            "most_recent": true,
            "name": "ubuntu/images/hvm-ssd-gp3/ubuntu-noble-24.04-amd64-server-20260904",
            "name_regex": null,
            "owner_id": "099720109477",
            "owners": [
              "099720109477"
            ],
            "platform": "",
            "platform_details": "Linux/UNIX",
            "product_codes": [],
            "public": true,
            "ramdisk_id": "",
            "region": "us-east-1",
            "root_device_name": "/dev/sda1",
            "root_device_type": "ebs",
            "root_snapshot_id": "snap-061b4b6a8efb44d83",
            "sriov_net_support": "simple",
            "state": "available",
            "state_reason": {
              "code": "UNSET",
              "message": "UNSET"
            },
            "tags": {},
            "timeouts": null,
            "tpm_support": "",
            "uefi_data": null,
            "usage_operation": "RunInstances",
            "virtualization_type": "hvm"
          },
          "sensitive_attributes": []
        }
      ]
    },
    {
      "mode": "data",
      "type": "aws_subnets",
      "name": "work",
      "provider": "provider[\"registry.terraform.io/hashicorp/aws\"]",
      "instances": [
        {
          "schema_version": 0,
          "attributes": {
            "filter": [
              {
                "name": "vpc-id",
                "values": [
                  "vpc-06afc3d9043fd755b"
                ]
              }
            ],
            "id": "us-east-1",
            "ids": [
              "subnet-0ad2406c6f79f4ced"
            ],
            "region": "us-east-1",
            "tags": null,
            "timeouts": null
          },
          "sensitive_attributes": []
        }
      ]
    },
    {
      "mode": "data",
      "type": "aws_vpc",
      "name": "work",
      "provider": "provider[\"registry.terraform.io/hashicorp/aws\"]",
      "instances": [
        {
          "schema_version": 0,
          "attributes": {
            "arn": "arn:aws:ec2:us-east-1:995060098911:vpc/vpc-06afc3d9043fd755b",
            "cidr_block": "10.0.0.0/16",
            "cidr_block_associations": [
              {
                "association_id": "vpc-cidr-assoc-0e2c95c2b4f5f15c2",
                "cidr_block": "10.0.0.0/16",
                "state": "associated"
              }
            ],
            "default": false,
            "dhcp_options_id": "dopt-04d6736d0472bcc3a",
            "enable_dns_hostnames": true,
            "enable_dns_support": true,
            "enable_network_address_usage_metrics": false,
            "filter": [
              {
                "name": "tag:Name",
                "values": [
                  "Work VPC"
                ]
              }
            ],
            "id": "vpc-06afc3d9043fd755b",
            "instance_tenancy": "default",
            "ipv6_association_id": "",
            "ipv6_cidr_block": "",
            "ipv6_cidr_block_associations": [],
            "main_route_table_id": "rtb-063686790be0fb897",
            "owner_id": "995060098911",
            "region": "us-east-1",
            "state": null,
            "tags": {
              "Name": "Work VPC",
              "cloudlab": "c104856a2429109l7919012t1w995060098911"
            },
            "timeouts": null
          },
          "sensitive_attributes": []
        }
      ]
    },
    {
      "mode": "managed",
      "type": "aws_instance",
      "name": "manager",
      "provider": "provider[\"registry.terraform.io/hashicorp/aws\"]",
      "instances": [
        {
          "index_key": "swarm-manager",
          "schema_version": 2,
          "attributes": {
            "ami": "ami-025d99823a4caad37",
            "arn": "arn:aws:ec2:us-east-1:995060098911:instance/i-0bf7a8713aabf1c45",
            "associate_public_ip_address": true,
            "availability_zone": "us-east-1a",
            "capacity_reservation_specification": [
              {
                "capacity_reservation_preference": "open",
                "capacity_reservation_target": []
              }
            ],
            "cpu_options": [
              {
                "amd_sev_snp": "",
                "core_count": 1,
                "nested_virtualization": "",
                "threads_per_core": 2
              }
            ],
            "credit_specification": [
              {
                "cpu_credits": "unlimited"
              }
            ],
            "disable_api_stop": false,
            "disable_api_termination": false,
            "ebs_block_device": [],
            "ebs_optimized": false,
            "enable_primary_ipv6": null,
            "enclave_options": [
              {
                "enabled": false
              }
            ],
            "ephemeral_block_device": [],
            "force_destroy": false,
            "get_password_data": false,
            "hibernation": false,
            "host_id": "",
            "host_resource_group_arn": null,
            "iam_instance_profile": "",
            "id": "i-0bf7a8713aabf1c45",
            "instance_initiated_shutdown_behavior": "stop",
            "instance_lifecycle": "",
            "instance_market_options": [],
            "instance_state": "running",
            "instance_type": "t3.small",
            "ipv6_address_count": 0,
            "ipv6_addresses": [],
            "key_name": "",
            "launch_template": [],
            "maintenance_options": [
              {
                "auto_recovery": "default"
              }
            ],
            "metadata_options": [
              {
                "http_endpoint": "enabled",
                "http_protocol_ipv6": "disabled",
                "http_put_response_hop_limit": 2,
                "http_tokens": "required",
                "instance_metadata_tags": "disabled"
              }
            ],
            "monitoring": false,
            "network_interface": [],
            "outpost_arn": "",
            "password_data": "",
            "placement_group": "",
            "placement_group_id": "",
            "placement_partition_number": 0,
            "primary_network_interface": [
              {
                "delete_on_termination": true,
                "network_interface_id": "eni-023d8bd3ec455dd84"
              }
            ],
            "primary_network_interface_id": "eni-023d8bd3ec455dd84",
            "private_dns": "ip-10-0-0-95.ec2.internal",
            "private_dns_name_options": [
              {
                "enable_resource_name_dns_a_record": false,
                "enable_resource_name_dns_aaaa_record": false,
                "hostname_type": "ip-name"
              }
            ],
            "private_ip": "10.0.0.95",
            "public_dns": "ec2-54-197-18-18.compute-1.amazonaws.com",
            "public_ip": "54.197.18.18",
            "region": "us-east-1",
            "root_block_device": [
              {
                "delete_on_termination": true,
                "device_name": "/dev/sda1",
                "encrypted": false,
                "iops": 3000,
                "kms_key_id": "",
                "tags": {},
                "tags_all": {},
                "throughput": 125,
                "volume_id": "vol-0151f429954562f6c",
                "volume_size": 8,
                "volume_type": "gp3"
              }
            ],
            "secondary_network_interface": [],
            "secondary_private_ips": [],
            "security_groups": [],
            "source_dest_check": true,
            "spot_instance_request_id": "",
            "subnet_id": "subnet-0ad2406c6f79f4ced",
            "tags": {
              "Name": "swarm-manager"
            },
            "tags_all": {
              "Name": "swarm-manager"
            },
            "tenancy": "default",
            "timeouts": null,
            "user_data": "#!/bin/bash\nset -e\n\n# Instala dependências\napt-get update -y\napt-get install -y ca-certificates curl gnupg\n\n# Adiciona repositório oficial do Docker\ninstall -m 0755 -d /etc/apt/keyrings\ncurl -fsSL https://download.docker.com/linux/ubuntu/gpg | gpg --dearmor -o /etc/apt/keyrings/docker.gpg\nchmod a+r /etc/apt/keyrings/docker.gpg\n\necho \\\n  \"deb [arch=$(dpkg --print-architecture) signed-by=/etc/apt/keyrings/docker.gpg] \\\n  https://download.docker.com/linux/ubuntu \\\n  $(. /etc/os-release \u0026\u0026 echo \"$VERSION_CODENAME\") stable\" | \\\n  tee /etc/apt/sources.list.d/docker.list \u003e /dev/null\n\napt-get update -y\napt-get install -y docker-ce docker-ce-cli containerd.io docker-buildx-plugin docker-compose-plugin\n\necho \"---Configurando permissões para o usuário ubuntu---\"\nusermod -aG docker ubuntu\nsudo newgrp  docker\n\n# Configura métricas do daemon\ncat \u003e /etc/docker/daemon.json \u003c\u003c'EOF'\n{\n  \"metrics-addr\": \"0.0.0.0:9323\",\n  \"experimental\": true\n}\nEOF\n\nsystemctl enable docker\nsystemctl restart docker\n",
            "user_data_base64": null,
            "user_data_replace_on_change": false,
            "volume_tags": null,
            "vpc_security_group_ids": [
              "sg-0c65e14ad943d0246"
            ]
          },
          "sensitive_attributes": [],
          "private": "eyJlMmJmYjczMC1lY2FhLTExZTYtOGY4OC0zNDM2M2JjN2M0YzAiOnsiY3JlYXRlIjo2MDAwMDAwMDAwMDAsImRlbGV0ZSI6MTIwMDAwMDAwMDAwMCwicmVhZCI6OTAwMDAwMDAwMDAwLCJ1cGRhdGUiOjYwMDAwMDAwMDAwMH0sInNjaGVtYV92ZXJzaW9uIjoiMiJ9",
          "dependencies": [
            "aws_security_group.swarm_sg",
            "data.aws_ami.ubuntu",
            "data.aws_subnets.work",
            "data.aws_vpc.work"
          ]
        }
      ]
    },
    {
      "mode": "managed",
      "type": "aws_instance",
      "name": "worker",
      "provider": "provider[\"registry.terraform.io/hashicorp/aws\"]",
      "instances": [
        {
          "index_key": "swarm-worker01",
          "schema_version": 2,
          "attributes": {
            "ami": "ami-025d99823a4caad37",
            "arn": "arn:aws:ec2:us-east-1:995060098911:instance/i-04c078308227a63e1",
            "associate_public_ip_address": true,
            "availability_zone": "us-east-1a",
            "capacity_reservation_specification": [
              {
                "capacity_reservation_preference": "open",
                "capacity_reservation_target": []
              }
            ],
            "cpu_options": [
              {
                "amd_sev_snp": "",
                "core_count": 1,
                "nested_virtualization": "",
                "threads_per_core": 2
              }
            ],
            "credit_specification": [
              {
                "cpu_credits": "unlimited"
              }
            ],
            "disable_api_stop": false,
            "disable_api_termination": false,
            "ebs_block_device": [],
            "ebs_optimized": false,
            "enable_primary_ipv6": null,
            "enclave_options": [
              {
                "enabled": false
              }
            ],
            "ephemeral_block_device": [],
            "force_destroy": false,
            "get_password_data": false,
            "hibernation": false,
            "host_id": "",
            "host_resource_group_arn": null,
            "iam_instance_profile": "",
            "id": "i-04c078308227a63e1",
            "instance_initiated_shutdown_behavior": "stop",
            "instance_lifecycle": "",
            "instance_market_options": [],
            "instance_state": "running",
            "instance_type": "t3.small",
            "ipv6_address_count": 0,
            "ipv6_addresses": [],
            "key_name": "",
            "launch_template": [],
            "maintenance_options": [
              {
                "auto_recovery": "default"
              }
            ],
            "metadata_options": [
              {
                "http_endpoint": "enabled",
                "http_protocol_ipv6": "disabled",
                "http_put_response_hop_limit": 2,
                "http_tokens": "required",
                "instance_metadata_tags": "disabled"
              }
            ],
            "monitoring": false,
            "network_interface": [],
            "outpost_arn": "",
            "password_data": "",
            "placement_group": "",
            "placement_group_id": "",
            "placement_partition_number": 0,
            "primary_network_interface": [
              {
                "delete_on_termination": true,
                "network_interface_id": "eni-0c741e7ba2e15d67c"
              }
            ],
            "primary_network_interface_id": "eni-0c741e7ba2e15d67c",
            "private_dns": "ip-10-0-0-132.ec2.internal",
            "private_dns_name_options": [
              {
                "enable_resource_name_dns_a_record": false,
                "enable_resource_name_dns_aaaa_record": false,
                "hostname_type": "ip-name"
              }
            ],
            "private_ip": "10.0.0.132",
            "public_dns": "ec2-100-26-203-129.compute-1.amazonaws.com",
            "public_ip": "100.26.203.129",
            "region": "us-east-1",
            "root_block_device": [
              {
                "delete_on_termination": true,
                "device_name": "/dev/sda1",
                "encrypted": false,
                "iops": 3000,
                "kms_key_id": "",
                "tags": {},
                "tags_all": {},
                "throughput": 125,
                "volume_id": "vol-0e97f15039781c803",
                "volume_size": 8,
                "volume_type": "gp3"
              }
            ],
            "secondary_network_interface": [],
            "secondary_private_ips": [],
            "security_groups": [],
            "source_dest_check": true,
            "spot_instance_request_id": "",
            "subnet_id": "subnet-0ad2406c6f79f4ced",
            "tags": {
              "Name": "swarm-worker01"
            },
            "tags_all": {
              "Name": "swarm-worker01"
            },
            "tenancy": "default",
            "timeouts": null,
            "user_data": "#!/bin/bash\nset -e\n\n# Instala dependências\napt-get update -y\napt-get install -y ca-certificates curl gnupg\n\n# Adiciona repositório oficial do Docker\ninstall -m 0755 -d /etc/apt/keyrings\ncurl -fsSL https://download.docker.com/linux/ubuntu/gpg | gpg --dearmor -o /etc/apt/keyrings/docker.gpg\nchmod a+r /etc/apt/keyrings/docker.gpg\n\necho \\\n  \"deb [arch=$(dpkg --print-architecture) signed-by=/etc/apt/keyrings/docker.gpg] \\\n  https://download.docker.com/linux/ubuntu \\\n  $(. /etc/os-release \u0026\u0026 echo \"$VERSION_CODENAME\") stable\" | \\\n  tee /etc/apt/sources.list.d/docker.list \u003e /dev/null\n\napt-get update -y\napt-get install -y docker-ce docker-ce-cli containerd.io docker-buildx-plugin docker-compose-plugin\n\necho \"---Configurando permissões para o usuário ubuntu---\"\nusermod -aG docker ubuntu\nsudo newgrp  docker\n\n# Configura métricas do daemon\ncat \u003e /etc/docker/daemon.json \u003c\u003c'EOF'\n{\n  \"metrics-addr\": \"0.0.0.0:9323\",\n  \"experimental\": true\n}\nEOF\n\nsystemctl enable docker\nsystemctl restart docker\n",
            "user_data_base64": null,
            "user_data_replace_on_change": false,
            "volume_tags": null,
            "vpc_security_group_ids": [
              "sg-0c65e14ad943d0246"
            ]
          },
          "sensitive_attributes": [],
          "private": "eyJlMmJmYjczMC1lY2FhLTExZTYtOGY4OC0zNDM2M2JjN2M0YzAiOnsiY3JlYXRlIjo2MDAwMDAwMDAwMDAsImRlbGV0ZSI6MTIwMDAwMDAwMDAwMCwicmVhZCI6OTAwMDAwMDAwMDAwLCJ1cGRhdGUiOjYwMDAwMDAwMDAwMH0sInNjaGVtYV92ZXJzaW9uIjoiMiJ9",
          "dependencies": [
            "aws_security_group.swarm_sg",
            "data.aws_ami.ubuntu",
            "data.aws_subnets.work",
            "data.aws_vpc.work"
          ]
        },
        {
          "index_key": "swarm-worker02",
          "schema_version": 2,
          "attributes": {
            "ami": "ami-025d99823a4caad37",
            "arn": "arn:aws:ec2:us-east-1:995060098911:instance/i-001c3e485aad391c3",
            "associate_public_ip_address": true,
            "availability_zone": "us-east-1a",
            "capacity_reservation_specification": [
              {
                "capacity_reservation_preference": "open",
                "capacity_reservation_target": []
              }
            ],
            "cpu_options": [
              {
                "amd_sev_snp": "",
                "core_count": 1,
                "nested_virtualization": "",
                "threads_per_core": 2
              }
            ],
            "credit_specification": [
              {
                "cpu_credits": "unlimited"
              }
            ],
            "disable_api_stop": false,
            "disable_api_termination": false,
            "ebs_block_device": [],
            "ebs_optimized": false,
            "enable_primary_ipv6": null,
            "enclave_options": [
              {
                "enabled": false
              }
            ],
            "ephemeral_block_device": [],
            "force_destroy": false,
            "get_password_data": false,
            "hibernation": false,
            "host_id": "",
            "host_resource_group_arn": null,
            "iam_instance_profile": "",
            "id": "i-001c3e485aad391c3",
            "instance_initiated_shutdown_behavior": "stop",
            "instance_lifecycle": "",
            "instance_market_options": [],
            "instance_state": "running",
            "instance_type": "t3.small",
            "ipv6_address_count": 0,
            "ipv6_addresses": [],
            "key_name": "",
            "launch_template": [],
            "maintenance_options": [
              {
                "auto_recovery": "default"
              }
            ],
            "metadata_options": [
              {
                "http_endpoint": "enabled",
                "http_protocol_ipv6": "disabled",
                "http_put_response_hop_limit": 2,
                "http_tokens": "required",
                "instance_metadata_tags": "disabled"
              }
            ],
            "monitoring": false,
            "network_interface": [],
            "outpost_arn": "",
            "password_data": "",
            "placement_group": "",
            "placement_group_id": "",
            "placement_partition_number": 0,
            "primary_network_interface": [
              {
                "delete_on_termination": true,
                "network_interface_id": "eni-09dcb810733ea1651"
              }
            ],
            "primary_network_interface_id": "eni-09dcb810733ea1651",
            "private_dns": "ip-10-0-0-64.ec2.internal",
            "private_dns_name_options": [
              {
                "enable_resource_name_dns_a_record": false,
                "enable_resource_name_dns_aaaa_record": false,
                "hostname_type": "ip-name"
              }
            ],
            "private_ip": "10.0.0.64",
            "public_dns": "ec2-35-170-202-136.compute-1.amazonaws.com",
            "public_ip": "35.170.202.136",
            "region": "us-east-1",
            "root_block_device": [
              {
                "delete_on_termination": true,
                "device_name": "/dev/sda1",
                "encrypted": false,
                "iops": 3000,
                "kms_key_id": "",
                "tags": {},
                "tags_all": {},
                "throughput": 125,
                "volume_id": "vol-01fb61a85bcedf1a2",
                "volume_size": 8,
                "volume_type": "gp3"
              }
            ],
            "secondary_network_interface": [],
            "secondary_private_ips": [],
            "security_groups": [],
            "source_dest_check": true,
            "spot_instance_request_id": "",
            "subnet_id": "subnet-0ad2406c6f79f4ced",
            "tags": {
              "Name": "swarm-worker02"
            },
            "tags_all": {
              "Name": "swarm-worker02"
            },
            "tenancy": "default",
            "timeouts": null,
            "user_data": "#!/bin/bash\nset -e\n\n# Instala dependências\napt-get update -y\napt-get install -y ca-certificates curl gnupg\n\n# Adiciona repositório oficial do Docker\ninstall -m 0755 -d /etc/apt/keyrings\ncurl -fsSL https://download.docker.com/linux/ubuntu/gpg | gpg --dearmor -o /etc/apt/keyrings/docker.gpg\nchmod a+r /etc/apt/keyrings/docker.gpg\n\necho \\\n  \"deb [arch=$(dpkg --print-architecture) signed-by=/etc/apt/keyrings/docker.gpg] \\\n  https://download.docker.com/linux/ubuntu \\\n  $(. /etc/os-release \u0026\u0026 echo \"$VERSION_CODENAME\") stable\" | \\\n  tee /etc/apt/sources.list.d/docker.list \u003e /dev/null\n\napt-get update -y\napt-get install -y docker-ce docker-ce-cli containerd.io docker-buildx-plugin docker-compose-plugin\n\necho \"---Configurando permissões para o usuário ubuntu---\"\nusermod -aG docker ubuntu\nsudo newgrp  docker\n\n# Configura métricas do daemon\ncat \u003e /etc/docker/daemon.json \u003c\u003c'EOF'\n{\n  \"metrics-addr\": \"0.0.0.0:9323\",\n  \"experimental\": true\n}\nEOF\n\nsystemctl enable docker\nsystemctl restart docker\n",
            "user_data_base64": null,
            "user_data_replace_on_change": false,
            "volume_tags": null,
            "vpc_security_group_ids": [
              "sg-0c65e14ad943d0246"
            ]
          },
          "sensitive_attributes": [],
          "private": "eyJlMmJmYjczMC1lY2FhLTExZTYtOGY4OC0zNDM2M2JjN2M0YzAiOnsiY3JlYXRlIjo2MDAwMDAwMDAwMDAsImRlbGV0ZSI6MTIwMDAwMDAwMDAwMCwicmVhZCI6OTAwMDAwMDAwMDAwLCJ1cGRhdGUiOjYwMDAwMDAwMDAwMH0sInNjaGVtYV92ZXJzaW9uIjoiMiJ9",
          "dependencies": [
            "aws_security_group.swarm_sg",
            "data.aws_ami.ubuntu",
            "data.aws_subnets.work",
            "data.aws_vpc.work"
          ]
        }
      ]
    },
    {
      "mode": "managed",
      "type": "aws_security_group",
      "name": "swarm_sg",
      "provider": "provider[\"registry.terraform.io/hashicorp/aws\"]",
      "instances": [
        {
          "schema_version": 1,
          "attributes": {
            "arn": "arn:aws:ec2:us-east-1:995060098911:security-group/sg-0c65e14ad943d0246",
            "description": "Cluster communication with worker nodes",
            "egress": [
              {
                "cidr_blocks": [
                  "0.0.0.0/0"
                ],
                "description": "",
                "from_port": 0,
                "ipv6_cidr_blocks": [],
                "prefix_list_ids": [],
                "protocol": "-1",
                "security_groups": [],
                "self": false,
                "to_port": 0
              }
            ],
            "id": "sg-0c65e14ad943d0246",
            "ingress": [],
            "name": "swarm-sg",
            "name_prefix": "",
            "owner_id": "995060098911",
            "region": "us-east-1",
            "revoke_rules_on_delete": false,
            "tags": null,
            "tags_all": {},
            "timeouts": null,
            "vpc_id": "vpc-06afc3d9043fd755b"
          },
          "sensitive_attributes": [],
          "private": "eyJlMmJmYjczMC1lY2FhLTExZTYtOGY4OC0zNDM2M2JjN2M0YzAiOnsiY3JlYXRlIjo2MDAwMDAwMDAwMDAsImRlbGV0ZSI6OTAwMDAwMDAwMDAwfSwic2NoZW1hX3ZlcnNpb24iOiIxIn0=",
          "dependencies": [
            "data.aws_vpc.work"
          ]
        }
      ]
    },
    {
      "mode": "managed",
      "type": "aws_vpc_security_group_ingress_rule",
      "name": "public",
      "provider": "provider[\"registry.terraform.io/hashicorp/aws\"]",
      "instances": [
        {
          "index_key": "22",
          "schema_version": 0,
          "attributes": {
            "arn": "arn:aws:ec2:us-east-1:995060098911:security-group-rule/sgr-02330798dcd94b5c5",
            "cidr_ipv4": "0.0.0.0/0",
            "cidr_ipv6": null,
            "description": null,
            "from_port": 22,
            "id": "sgr-02330798dcd94b5c5",
            "ip_protocol": "tcp",
            "prefix_list_id": null,
            "referenced_security_group_id": null,
            "region": "us-east-1",
            "security_group_id": "sg-0c65e14ad943d0246",
            "security_group_rule_id": "sgr-02330798dcd94b5c5",
            "tags": null,
            "tags_all": {},
            "to_port": 22
          },
          "sensitive_attributes": [],
          "dependencies": [
            "aws_security_group.swarm_sg",
            "data.aws_vpc.work"
          ]
        },
        {
          "index_key": "3000",
          "schema_version": 0,
          "attributes": {
            "arn": "arn:aws:ec2:us-east-1:995060098911:security-group-rule/sgr-0e3ad775b8acf197f",
            "cidr_ipv4": "0.0.0.0/0",
            "cidr_ipv6": null,
            "description": null,
            "from_port": 3000,
            "id": "sgr-0e3ad775b8acf197f",
            "ip_protocol": "tcp",
            "prefix_list_id": null,
            "referenced_security_group_id": null,
            "region": "us-east-1",
            "security_group_id": "sg-0c65e14ad943d0246",
            "security_group_rule_id": "sgr-0e3ad775b8acf197f",
            "tags": null,
            "tags_all": {},
            "to_port": 3000
          },
          "sensitive_attributes": [],
          "dependencies": [
            "aws_security_group.swarm_sg",
            "data.aws_vpc.work"
          ]
        },
        {
          "index_key": "80",
          "schema_version": 0,
          "attributes": {
            "arn": "arn:aws:ec2:us-east-1:995060098911:security-group-rule/sgr-00f26c7c50842997e",
            "cidr_ipv4": "0.0.0.0/0",
            "cidr_ipv6": null,
            "description": null,
            "from_port": 80,
            "id": "sgr-00f26c7c50842997e",
            "ip_protocol": "tcp",
            "prefix_list_id": null,
            "referenced_security_group_id": null,
            "region": "us-east-1",
            "security_group_id": "sg-0c65e14ad943d0246",
            "security_group_rule_id": "sgr-00f26c7c50842997e",
            "tags": null,
            "tags_all": {},
            "to_port": 80
          },
          "sensitive_attributes": [],
          "dependencies": [
            "aws_security_group.swarm_sg",
            "data.aws_vpc.work"
          ]
        },
        {
          "index_key": "8080",
          "schema_version": 0,
          "attributes": {
            "arn": "arn:aws:ec2:us-east-1:995060098911:security-group-rule/sgr-0ebd15e99402a2040",
            "cidr_ipv4": "0.0.0.0/0",
            "cidr_ipv6": null,
            "description": null,
            "from_port": 8080,
            "id": "sgr-0ebd15e99402a2040",
            "ip_protocol": "tcp",
            "prefix_list_id": null,
            "referenced_security_group_id": null,
            "region": "us-east-1",
            "security_group_id": "sg-0c65e14ad943d0246",
            "security_group_rule_id": "sgr-0ebd15e99402a2040",
            "tags": null,
            "tags_all": {},
            "to_port": 8080
          },
          "sensitive_attributes": [],
          "dependencies": [
            "aws_security_group.swarm_sg",
            "data.aws_vpc.work"
          ]
        },
        {
          "index_key": "9090",
          "schema_version": 0,
          "attributes": {
            "arn": "arn:aws:ec2:us-east-1:995060098911:security-group-rule/sgr-0cbeec308c67a6353",
            "cidr_ipv4": "0.0.0.0/0",
            "cidr_ipv6": null,
            "description": null,
            "from_port": 9090,
            "id": "sgr-0cbeec308c67a6353",
            "ip_protocol": "tcp",
            "prefix_list_id": null,
            "referenced_security_group_id": null,
            "region": "us-east-1",
            "security_group_id": "sg-0c65e14ad943d0246",
            "security_group_rule_id": "sgr-0cbeec308c67a6353",
            "tags": null,
            "tags_all": {},
            "to_port": 9090
          },
          "sensitive_attributes": [],
          "dependencies": [
            "aws_security_group.swarm_sg",
            "data.aws_vpc.work"
          ]
        }
      ]
    },
    {
      "mode": "managed",
      "type": "aws_vpc_security_group_ingress_rule",
      "name": "tcp",
      "provider": "provider[\"registry.terraform.io/hashicorp/aws\"]",
      "instances": [
        {
          "index_key": "2377",
          "schema_version": 0,
          "attributes": {
            "arn": "arn:aws:ec2:us-east-1:995060098911:security-group-rule/sgr-0ad0c82bde0cdd44d",
            "cidr_ipv4": null,
            "cidr_ipv6": null,
            "description": null,
            "from_port": 2377,
            "id": "sgr-0ad0c82bde0cdd44d",
            "ip_protocol": "tcp",
            "prefix_list_id": null,
            "referenced_security_group_id": "sg-0c65e14ad943d0246",
            "region": "us-east-1",
            "security_group_id": "sg-0c65e14ad943d0246",
            "security_group_rule_id": "sgr-0ad0c82bde0cdd44d",
            "tags": null,
            "tags_all": {},
            "to_port": 2377
          },
          "sensitive_attributes": [],
          "dependencies": [
            "aws_security_group.swarm_sg",
            "data.aws_vpc.work"
          ]
        },
        {
          "index_key": "443",
          "schema_version": 0,
          "attributes": {
            "arn": "arn:aws:ec2:us-east-1:995060098911:security-group-rule/sgr-0c6d9cbd07f4ab165",
            "cidr_ipv4": null,
            "cidr_ipv6": null,
            "description": null,
            "from_port": 443,
            "id": "sgr-0c6d9cbd07f4ab165",
            "ip_protocol": "tcp",
            "prefix_list_id": null,
            "referenced_security_group_id": "sg-0c65e14ad943d0246",
            "region": "us-east-1",
            "security_group_id": "sg-0c65e14ad943d0246",
            "security_group_rule_id": "sgr-0c6d9cbd07f4ab165",
            "tags": null,
            "tags_all": {},
            "to_port": 443
          },
          "sensitive_attributes": [],
          "dependencies": [
            "aws_security_group.swarm_sg",
            "data.aws_vpc.work"
          ]
        },
        {
          "index_key": "7946",
          "schema_version": 0,
          "attributes": {
            "arn": "arn:aws:ec2:us-east-1:995060098911:security-group-rule/sgr-05b04202f85d92482",
            "cidr_ipv4": null,
            "cidr_ipv6": null,
            "description": null,
            "from_port": 7946,
            "id": "sgr-05b04202f85d92482",
            "ip_protocol": "tcp",
            "prefix_list_id": null,
            "referenced_security_group_id": "sg-0c65e14ad943d0246",
            "region": "us-east-1",
            "security_group_id": "sg-0c65e14ad943d0246",
            "security_group_rule_id": "sgr-05b04202f85d92482",
            "tags": null,
            "tags_all": {},
            "to_port": 7946
          },
          "sensitive_attributes": [],
          "dependencies": [
            "aws_security_group.swarm_sg",
            "data.aws_vpc.work"
          ]
        },
        {
          "index_key": "80",
          "schema_version": 0,
          "attributes": {
            "arn": "arn:aws:ec2:us-east-1:995060098911:security-group-rule/sgr-0911106aaf7260c6c",
            "cidr_ipv4": null,
            "cidr_ipv6": null,
            "description": null,
            "from_port": 80,
            "id": "sgr-0911106aaf7260c6c",
            "ip_protocol": "tcp",
            "prefix_list_id": null,
            "referenced_security_group_id": "sg-0c65e14ad943d0246",
            "region": "us-east-1",
            "security_group_id": "sg-0c65e14ad943d0246",
            "security_group_rule_id": "sgr-0911106aaf7260c6c",
            "tags": null,
            "tags_all": {},
            "to_port": 80
          },
          "sensitive_attributes": [],
          "dependencies": [
            "aws_security_group.swarm_sg",
            "data.aws_vpc.work"
          ]
        },
        {
          "index_key": "8080",
          "schema_version": 0,
          "attributes": {
            "arn": "arn:aws:ec2:us-east-1:995060098911:security-group-rule/sgr-0cdd8170d7e829058",
            "cidr_ipv4": null,
            "cidr_ipv6": null,
            "description": null,
            "from_port": 8080,
            "id": "sgr-0cdd8170d7e829058",
            "ip_protocol": "tcp",
            "prefix_list_id": null,
            "referenced_security_group_id": "sg-0c65e14ad943d0246",
            "region": "us-east-1",
            "security_group_id": "sg-0c65e14ad943d0246",
            "security_group_rule_id": "sgr-0cdd8170d7e829058",
            "tags": null,
            "tags_all": {},
            "to_port": 8080
          },
          "sensitive_attributes": [],
          "dependencies": [
            "aws_security_group.swarm_sg",
            "data.aws_vpc.work"
          ]
        },
        {
          "index_key": "9090",
          "schema_version": 0,
          "attributes": {
            "arn": "arn:aws:ec2:us-east-1:995060098911:security-group-rule/sgr-0aca26b96d5283fe2",
            "cidr_ipv4": null,
            "cidr_ipv6": null,
            "description": null,
            "from_port": 9090,
            "id": "sgr-0aca26b96d5283fe2",
            "ip_protocol": "tcp",
            "prefix_list_id": null,
            "referenced_security_group_id": "sg-0c65e14ad943d0246",
            "region": "us-east-1",
            "security_group_id": "sg-0c65e14ad943d0246",
            "security_group_rule_id": "sgr-0aca26b96d5283fe2",
            "tags": null,
            "tags_all": {},
            "to_port": 9090
          },
          "sensitive_attributes": [],
          "dependencies": [
            "aws_security_group.swarm_sg",
            "data.aws_vpc.work"
          ]
        },
        {
          "index_key": "9323",
          "schema_version": 0,
          "attributes": {
            "arn": "arn:aws:ec2:us-east-1:995060098911:security-group-rule/sgr-049bc3c6ad436c909",
            "cidr_ipv4": null,
            "cidr_ipv6": null,
            "description": null,
            "from_port": 9323,
            "id": "sgr-049bc3c6ad436c909",
            "ip_protocol": "tcp",
            "prefix_list_id": null,
            "referenced_security_group_id": "sg-0c65e14ad943d0246",
            "region": "us-east-1",
            "security_group_id": "sg-0c65e14ad943d0246",
            "security_group_rule_id": "sgr-049bc3c6ad436c909",
            "tags": null,
            "tags_all": {},
            "to_port": 9323
          },
          "sensitive_attributes": [],
          "dependencies": [
            "aws_security_group.swarm_sg",
            "data.aws_vpc.work"
          ]
        }
      ]
    },
    {
      "mode": "managed",
      "type": "aws_vpc_security_group_ingress_rule",
      "name": "udp",
      "provider": "provider[\"registry.terraform.io/hashicorp/aws\"]",
      "instances": [
        {
          "index_key": "4789",
          "schema_version": 0,
          "attributes": {
            "arn": "arn:aws:ec2:us-east-1:995060098911:security-group-rule/sgr-0a4c9542542528092",
            "cidr_ipv4": null,
            "cidr_ipv6": null,
            "description": null,
            "from_port": 4789,
            "id": "sgr-0a4c9542542528092",
            "ip_protocol": "udp",
            "prefix_list_id": null,
            "referenced_security_group_id": "sg-0c65e14ad943d0246",
            "region": "us-east-1",
            "security_group_id": "sg-0c65e14ad943d0246",
            "security_group_rule_id": "sgr-0a4c9542542528092",
            "tags": null,
            "tags_all": {},
            "to_port": 4789
          },
          "sensitive_attributes": [],
          "dependencies": [
            "aws_security_group.swarm_sg",
            "data.aws_vpc.work"
          ]
        },
        {
          "index_key": "7946",
          "schema_version": 0,
          "attributes": {
            "arn": "arn:aws:ec2:us-east-1:995060098911:security-group-rule/sgr-034efb7b7690f65f0",
            "cidr_ipv4": null,
            "cidr_ipv6": null,
            "description": null,
            "from_port": 7946,
            "id": "sgr-034efb7b7690f65f0",
            "ip_protocol": "udp",
            "prefix_list_id": null,
            "referenced_security_group_id": "sg-0c65e14ad943d0246",
            "region": "us-east-1",
            "security_group_id": "sg-0c65e14ad943d0246",
            "security_group_rule_id": "sgr-034efb7b7690f65f0",
            "tags": null,
            "tags_all": {},
            "to_port": 7946
          },
          "sensitive_attributes": [],
          "dependencies": [
            "aws_security_group.swarm_sg",
            "data.aws_vpc.work"
          ]
        }
      ]
    }
  ],
  "check_results": null
}
